
Microsoft Visual Studio Solution File, Format Version 12.00
# Visual Studio Version 17
VisualStudioVersion = 17.1.32210.238
MinimumVisualStudioVersion = 10.0.40219.1
Project("{FAE04EC0-301F-11D3-BF4B-00C04F79EFBC}") = "KuzaNetObfuscator", "KuzaNetObfuscator\KuzaNetObfuscator.csproj", "{C3846315-3182-4A64-95D4-E2BAB89217ED}"
EndProject
Global
	GlobalSection(SolutionConfigurationPlatforms) = preSolution
		Debug|Any CPU = Debug|Any CPU
		Release|Any CPU = Release|Any CPU
	EndGlobalSection
	GlobalSection(ProjectConfigurationPlatforms) = postSolution
		{C3846315-3182-4A64-95D4-E2BAB89217ED}.Debug|Any CPU.ActiveCfg = Debug|Any CPU
		{C3846315-3182-4A64-95D4-E2BAB89217ED}.Debug|Any CPU.Build.0 = Debug|Any CPU
		{C3846315-3182-4A64-95D4-E2BAB89217ED}.Release|Any CPU.ActiveCfg = Release|Any CPU
		{C3846315-3182-4A64-95D4-E2BAB89217ED}.Release|Any CPU.Build.0 = Release|Any CPU
	EndGlobalSection
	GlobalSection(SolutionProperties) = preSolution
		HideSolutionNode = FALSE
	EndGlobalSection
	GlobalSection(ExtensibilityGlobals) = postSolution
		SolutionGuid = {807B51FF-5CFD-4E11-A62E-5B07D7B75A10}
	EndGlobalSection
EndGlobal
